
Microsoft Visual Studio Solution File, Format Version 12.00
# Visual Studio Version 16
VisualStudioVersion = 16.0.29230.47
MinimumVisualStudioVersion = 10.0.40219.1
Project("{FAE04EC0-301F-11D3-BF4B-00C04F79EFBC}") = "CSharpIFTS2019", "CSharpIFTS2019\CSharpIFTS2019.csproj", "{084611CA-C386-4233-A426-D514A3890B0A}"
EndProject
Global
	GlobalSection(SolutionConfigurationPlatforms) = preSolution
		Debug|Any CPU = Debug|Any CPU
		Release|Any CPU = Release|Any CPU
	EndGlobalSection
	GlobalSection(ProjectConfigurationPlatforms) = postSolution
		{084611CA-C386-4233-A426-D514A3890B0A}.Debug|Any CPU.ActiveCfg = Debug|Any CPU
		{084611CA-C386-4233-A426-D514A3890B0A}.Debug|Any CPU.Build.0 = Debug|Any CPU
		{084611CA-C386-4233-A426-D514A3890B0A}.Release|Any CPU.ActiveCfg = Release|Any CPU
		{084611CA-C386-4233-A426-D514A3890B0A}.Release|Any CPU.Build.0 = Release|Any CPU
	EndGlobalSection
	GlobalSection(SolutionProperties) = preSolution
		HideSolutionNode = FALSE
	EndGlobalSection
	GlobalSection(ExtensibilityGlobals) = postSolution
		SolutionGuid = {49AB0C6E-892F-43B8-83D4-35DBF7D739B2}
	EndGlobalSection
EndGlobal
